
Microsoft Visual Studio Solution File, Format Version 12.00
# Visual Studio 15
VisualStudioVersion = 15.0.26124.0
MinimumVisualStudioVersion = 15.0.26124.0
Project("{2150E333-8FDC-42A3-9474-1A3956D46DE8}") = "src", "src", "{9E614B80-CE13-4EA9-B4E4-27D64066C82C}"
EndProject
Project("{FAE04EC0-301F-11D3-BF4B-00C04F79EFBC}") = "ForEvolve.Testing.Logging", "src\ForEvolve.Testing.Logging\ForEvolve.Testing.Logging.csproj", "{4FD762B4-C3AE-4213-9F32-631DFA8D9DE3}"
EndProject
Project("{2150E333-8FDC-42A3-9474-1A3956D46DE8}") = "test", "test", "{24D189ED-D714-4845-A23E-EE529418D929}"
EndProject
Project("{FAE04EC0-301F-11D3-BF4B-00C04F79EFBC}") = "ForEvolve.Testing.Logging.Tests", "test\ForEvolve.Testing.Logging.Tests\ForEvolve.Testing.Logging.Tests.csproj", "{54C38C1B-A54D-4864-800F-2B6CC89F3785}"
EndProject
Global
	GlobalSection(SolutionConfigurationPlatforms) = preSolution
		Debug|Any CPU = Debug|Any CPU
		Debug|x64 = Debug|x64
		Debug|x86 = Debug|x86
		Release|Any CPU = Release|Any CPU
		Release|x64 = Release|x64
		Release|x86 = Release|x86
	EndGlobalSection
	GlobalSection(SolutionProperties) = preSolution
		HideSolutionNode = FALSE
	EndGlobalSection
	GlobalSection(ProjectConfigurationPlatforms) = postSolution
		{4FD762B4-C3AE-4213-9F32-631DFA8D9DE3}.Debug|Any CPU.ActiveCfg = Debug|Any CPU
		{4FD762B4-C3AE-4213-9F32-631DFA8D9DE3}.Debug|Any CPU.Build.0 = Debug|Any CPU
		{4FD762B4-C3AE-4213-9F32-631DFA8D9DE3}.Debug|x64.ActiveCfg = Debug|Any CPU
		{4FD762B4-C3AE-4213-9F32-631DFA8D9DE3}.Debug|x64.Build.0 = Debug|Any CPU
		{4FD762B4-C3AE-4213-9F32-631DFA8D9DE3}.Debug|x86.ActiveCfg = Debug|Any CPU
		{4FD762B4-C3AE-4213-9F32-631DFA8D9DE3}.Debug|x86.Build.0 = Debug|Any CPU
		{4FD762B4-C3AE-4213-9F32-631DFA8D9DE3}.Release|Any CPU.ActiveCfg = Release|Any CPU
		{4FD762B4-C3AE-4213-9F32-631DFA8D9DE3}.Release|Any CPU.Build.0 = Release|Any CPU
		{4FD762B4-C3AE-4213-9F32-631DFA8D9DE3}.Release|x64.ActiveCfg = Release|Any CPU
		{4FD762B4-C3AE-4213-9F32-631DFA8D9DE3}.Release|x64.Build.0 = Release|Any CPU
		{4FD762B4-C3AE-4213-9F32-631DFA8D9DE3}.Release|x86.ActiveCfg = Release|Any CPU
		{4FD762B4-C3AE-4213-9F32-631DFA8D9DE3}.Release|x86.Build.0 = Release|Any CPU
		{54C38C1B-A54D-4864-800F-2B6CC89F3785}.Debug|Any CPU.ActiveCfg = Debug|Any CPU
		{54C38C1B-A54D-4864-800F-2B6CC89F3785}.Debug|Any CPU.Build.0 = Debug|Any CPU
		{54C38C1B-A54D-4864-800F-2B6CC89F3785}.Debug|x64.ActiveCfg = Debug|Any CPU
		{54C38C1B-A54D-4864-800F-2B6CC89F3785}.Debug|x64.Build.0 = Debug|Any CPU
		{54C38C1B-A54D-4864-800F-2B6CC89F3785}.Debug|x86.ActiveCfg = Debug|Any CPU
		{54C38C1B-A54D-4864-800F-2B6CC89F3785}.Debug|x86.Build.0 = Debug|Any CPU
		{54C38C1B-A54D-4864-800F-2B6CC89F3785}.Release|Any CPU.ActiveCfg = Release|Any CPU
		{54C38C1B-A54D-4864-800F-2B6CC89F3785}.Release|Any CPU.Build.0 = Release|Any CPU
		{54C38C1B-A54D-4864-800F-2B6CC89F3785}.Release|x64.ActiveCfg = Release|Any CPU
		{54C38C1B-A54D-4864-800F-2B6CC89F3785}.Release|x64.Build.0 = Release|Any CPU
		{54C38C1B-A54D-4864-800F-2B6CC89F3785}.Release|x86.ActiveCfg = Release|Any CPU
		{54C38C1B-A54D-4864-800F-2B6CC89F3785}.Release|x86.Build.0 = Release|Any CPU
	EndGlobalSection
	GlobalSection(NestedProjects) = preSolution
		{4FD762B4-C3AE-4213-9F32-631DFA8D9DE3} = {9E614B80-CE13-4EA9-B4E4-27D64066C82C}
		{54C38C1B-A54D-4864-800F-2B6CC89F3785} = {24D189ED-D714-4845-A23E-EE529418D929}
	EndGlobalSection
EndGlobal
